
Microsoft Visual Studio Solution File, Format Version 12.00
# Visual Studio Version 17
VisualStudioVersion = 17.9.34616.47
MinimumVisualStudioVersion = 10.0.40219.1
Project("{9A19103F-16F7-4668-BE54-9A1E7A4F7556}") = "MercerStore", "MercerStore.csproj", "{14F4A046-9296-4D62-B8EB-4C6312AEB5B2}"
EndProject
Global
	GlobalSection(SolutionConfigurationPlatforms) = preSolution
		Debug|Any CPU = Debug|Any CPU
		Release|Any CPU = Release|Any CPU
	EndGlobalSection
	GlobalSection(ProjectConfigurationPlatforms) = postSolution
		{14F4A046-9296-4D62-B8EB-4C6312AEB5B2}.Debug|Any CPU.ActiveCfg = Debug|Any CPU
		{14F4A046-9296-4D62-B8EB-4C6312AEB5B2}.Debug|Any CPU.Build.0 = Debug|Any CPU
		{14F4A046-9296-4D62-B8EB-4C6312AEB5B2}.Release|Any CPU.ActiveCfg = Release|Any CPU
		{14F4A046-9296-4D62-B8EB-4C6312AEB5B2}.Release|Any CPU.Build.0 = Release|Any CPU
	EndGlobalSection
	GlobalSection(SolutionProperties) = preSolution
		HideSolutionNode = FALSE
	EndGlobalSection
	GlobalSection(ExtensibilityGlobals) = postSolution
		SolutionGuid = {BF61BE97-F7D5-499D-8EB3-88ECF0B5BF68}
	EndGlobalSection
EndGlobal
